
Microsoft Visual Studio Solution File, Format Version 12.00
# Visual Studio 2013
VisualStudioVersion = 12.0.31101.0
MinimumVisualStudioVersion = 10.0.40219.1
Project("{FAE04EC0-301F-11D3-BF4B-00C04F79EFBC}") = "CostomLINQEextension", "CostomLINQEextension\CostomLINQEextension.csproj", "{B6C72369-9AEC-4941-9EAB-8FABA267CFA0}"
EndProject
Project("{FAE04EC0-301F-11D3-BF4B-00C04F79EFBC}") = "InterestCalculatorTest", "InterestCalculatorTest\InterestCalculatorTest.csproj", "{11056436-65CB-4B1F-B573-E7474E3D32F7}"
EndProject
Project("{FAE04EC0-301F-11D3-BF4B-00C04F79EFBC}") = "AsynchronousTimer", "AsynchronousTimer\AsynchronousTimer.csproj", "{63962A98-903B-45F3-A526-D16E93B44457}"
EndProject
Project("{FAE04EC0-301F-11D3-BF4B-00C04F79EFBC}") = "StudentClass", "StudentClass\StudentClass.csproj", "{CC5569CC-2F20-4211-A1F1-25B25EBF9569}"
EndProject
Global
	GlobalSection(SolutionConfigurationPlatforms) = preSolution
		Debug|Any CPU = Debug|Any CPU
		Release|Any CPU = Release|Any CPU
	EndGlobalSection
	GlobalSection(ProjectConfigurationPlatforms) = postSolution
		{B6C72369-9AEC-4941-9EAB-8FABA267CFA0}.Debug|Any CPU.ActiveCfg = Debug|Any CPU
		{B6C72369-9AEC-4941-9EAB-8FABA267CFA0}.Debug|Any CPU.Build.0 = Debug|Any CPU
		{B6C72369-9AEC-4941-9EAB-8FABA267CFA0}.Release|Any CPU.ActiveCfg = Release|Any CPU
		{B6C72369-9AEC-4941-9EAB-8FABA267CFA0}.Release|Any CPU.Build.0 = Release|Any CPU
		{11056436-65CB-4B1F-B573-E7474E3D32F7}.Debug|Any CPU.ActiveCfg = Debug|Any CPU
		{11056436-65CB-4B1F-B573-E7474E3D32F7}.Debug|Any CPU.Build.0 = Debug|Any CPU
		{11056436-65CB-4B1F-B573-E7474E3D32F7}.Release|Any CPU.ActiveCfg = Release|Any CPU
		{11056436-65CB-4B1F-B573-E7474E3D32F7}.Release|Any CPU.Build.0 = Release|Any CPU
		{63962A98-903B-45F3-A526-D16E93B44457}.Debug|Any CPU.ActiveCfg = Debug|Any CPU
		{63962A98-903B-45F3-A526-D16E93B44457}.Debug|Any CPU.Build.0 = Debug|Any CPU
		{63962A98-903B-45F3-A526-D16E93B44457}.Release|Any CPU.ActiveCfg = Release|Any CPU
		{63962A98-903B-45F3-A526-D16E93B44457}.Release|Any CPU.Build.0 = Release|Any CPU
		{CC5569CC-2F20-4211-A1F1-25B25EBF9569}.Debug|Any CPU.ActiveCfg = Debug|Any CPU
		{CC5569CC-2F20-4211-A1F1-25B25EBF9569}.Debug|Any CPU.Build.0 = Debug|Any CPU
		{CC5569CC-2F20-4211-A1F1-25B25EBF9569}.Release|Any CPU.ActiveCfg = Release|Any CPU
		{CC5569CC-2F20-4211-A1F1-25B25EBF9569}.Release|Any CPU.Build.0 = Release|Any CPU
	EndGlobalSection
	GlobalSection(SolutionProperties) = preSolution
		HideSolutionNode = FALSE
	EndGlobalSection
EndGlobal
