
Microsoft Visual Studio Solution File, Format Version 12.00
# Visual Studio 2013
VisualStudioVersion = 12.0.31101.0
MinimumVisualStudioVersion = 10.0.40219.1
Project("{FAE04EC0-301F-11D3-BF4B-00C04F79EFBC}") = "P_01_GalacticGPS", "P_01_GalacticGPS\P_01_GalacticGPS.csproj", "{E7161B72-6F84-4C47-8A33-5AA6E4FBF90D}"
EndProject
Project("{FAE04EC0-301F-11D3-BF4B-00C04F79EFBC}") = "FractionCalculator", "FractionCalculator\FractionCalculator.csproj", "{C5DFDF8B-A8F0-49A6-A96F-52759FBB5983}"
EndProject
Project("{FAE04EC0-301F-11D3-BF4B-00C04F79EFBC}") = "P_03_GenericList", "P_03_GenericList\P_03_GenericList.csproj", "{F8AF8A2C-7837-4C92-809A-36FD14F9C0E1}"
EndProject
Global
	GlobalSection(SolutionConfigurationPlatforms) = preSolution
		Debug|Any CPU = Debug|Any CPU
		Release|Any CPU = Release|Any CPU
	EndGlobalSection
	GlobalSection(ProjectConfigurationPlatforms) = postSolution
		{E7161B72-6F84-4C47-8A33-5AA6E4FBF90D}.Debug|Any CPU.ActiveCfg = Debug|Any CPU
		{E7161B72-6F84-4C47-8A33-5AA6E4FBF90D}.Debug|Any CPU.Build.0 = Debug|Any CPU
		{E7161B72-6F84-4C47-8A33-5AA6E4FBF90D}.Release|Any CPU.ActiveCfg = Release|Any CPU
		{E7161B72-6F84-4C47-8A33-5AA6E4FBF90D}.Release|Any CPU.Build.0 = Release|Any CPU
		{C5DFDF8B-A8F0-49A6-A96F-52759FBB5983}.Debug|Any CPU.ActiveCfg = Debug|Any CPU
		{C5DFDF8B-A8F0-49A6-A96F-52759FBB5983}.Debug|Any CPU.Build.0 = Debug|Any CPU
		{C5DFDF8B-A8F0-49A6-A96F-52759FBB5983}.Release|Any CPU.ActiveCfg = Release|Any CPU
		{C5DFDF8B-A8F0-49A6-A96F-52759FBB5983}.Release|Any CPU.Build.0 = Release|Any CPU
		{F8AF8A2C-7837-4C92-809A-36FD14F9C0E1}.Debug|Any CPU.ActiveCfg = Debug|Any CPU
		{F8AF8A2C-7837-4C92-809A-36FD14F9C0E1}.Debug|Any CPU.Build.0 = Debug|Any CPU
		{F8AF8A2C-7837-4C92-809A-36FD14F9C0E1}.Release|Any CPU.ActiveCfg = Release|Any CPU
		{F8AF8A2C-7837-4C92-809A-36FD14F9C0E1}.Release|Any CPU.Build.0 = Release|Any CPU
	EndGlobalSection
	GlobalSection(SolutionProperties) = preSolution
		HideSolutionNode = FALSE
	EndGlobalSection
EndGlobal
